{"version":4,"terraform_version":"1.12.1","serial":3,"lineage":"f2347de3-6898-8299-8caf-1e1fd51ed1e8","outputs":{"api_endpoint":{"value":"https://j3o025gma8.execute-api.ap-southeast-1.amazonaws.com","type":"string"}},"resources":[{"module":"module.apigateway","mode":"managed","type":"aws_apigatewayv2_api","name":"this","provider":"provider[\"registry.opentofu.org/hashicorp/aws\"]","instances":[{"schema_version":0,"attributes":{"api_endpoint":"https://j3o025gma8.execute-api.ap-southeast-1.amazonaws.com","api_key_selection_expression":"$request.header.x-api-key","arn":"arn:aws:apigateway:ap-southeast-1::/apis/j3o025gma8","body":null,"cors_configuration":[],"credentials_arn":null,"description":"","disable_execute_api_endpoint":false,"execution_arn":"arn:aws:execute-api:ap-southeast-1:188620291267:j3o025gma8","fail_on_warnings":null,"id":"j3o025gma8","ip_address_type":"ipv4","name":"psychave-dev-api","protocol_type":"HTTP","region":"ap-southeast-1","route_key":null,"route_selection_expression":"$request.method $request.path","tags":null,"tags_all":{},"target":null,"version":""},"sensitive_attributes":[],"private":"bnVsbA==","identity":{"account_id":"188620291267","id":"j3o025gma8","region":"ap-southeast-1"},"identity_schema_version":0}]},{"module":"module.apigateway","mode":"managed","type":"aws_apigatewayv2_stage","name":"default","provider":"provider[\"registry.opentofu.org/hashicorp/aws\"]","instances":[{"schema_version":0,"attributes":{"access_log_settings":[],"api_id":"j3o025gma8","arn":"arn:aws:apigateway:ap-southeast-1::/apis/j3o025gma8/stages/$default","auto_deploy":true,"client_certificate_id":"","default_route_settings":[{"data_trace_enabled":false,"detailed_metrics_enabled":false,"logging_level":"","throttling_burst_limit":0,"throttling_rate_limit":0}],"deployment_id":"","description":"","execution_arn":"arn:aws:execute-api:ap-southeast-1:188620291267:j3o025gma8/$default","id":"$default","invoke_url":"https://j3o025gma8.execute-api.ap-southeast-1.amazonaws.com/","name":"$default","region":"ap-southeast-1","route_settings":[],"stage_variables":null,"tags":null,"tags_all":{}},"sensitive_attributes":[],"private":"bnVsbA==","dependencies":["module.apigateway.aws_apigatewayv2_api.this"]}]},{"module":"module.lambda","mode":"data","type":"archive_file","name":"lambda","provider":"provider[\"registry.opentofu.org/hashicorp/archive\"]","instances":[{"schema_version":0,"attributes":{"exclude_symlink_directories":null,"excludes":null,"id":"42b0d7ab1dc90dbcf6f15af77eee82a234755ccd","output_base64sha256":"0byFbc5PgbGwymuGXMI8uXojypPBDgNK/hNtXIIJRwo=","output_base64sha512":"TlXAOleY+/Z26+c77LhckY53HC8RdbPZNLfGgoFwSgnNFzPoXuxdjGhUxO4rdG6E4T89EokxpFhieGuuBTVwpQ==","output_file_mode":null,"output_md5":"fbadbc36a5e391ee040b6b394cde5797","output_path":"../../modules/lambda/lambda.zip","output_sha":"42b0d7ab1dc90dbcf6f15af77eee82a234755ccd","output_sha256":"d1bc856dce4f81b1b0ca6b865cc23cb97a23ca93c10e034afe136d5c8209470a","output_sha512":"4e55c03a5798fbf676ebe73becb85c918e771c2f1175b3d934b7c68281704a09cd1733e85eec5d8c6854c4ee2b746e84e13f3d128931a45862786bae053570a5","output_size":25846972,"source":[],"source_content":null,"source_content_filename":null,"source_dir":"./../../../backend/lambda","source_file":null,"type":"zip"},"sensitive_attributes":[]}]},{"module":"module.lambda","mode":"managed","type":"aws_iam_role","name":"lambda","provider":"provider[\"registry.opentofu.org/hashicorp/aws\"]","instances":[{"schema_version":0,"attributes":{"arn":"arn:aws:iam::188620291267:role/dev-psychave-api-role","assume_role_policy":"{\"Statement\":[{\"Action\":\"sts:AssumeRole\",\"Effect\":\"Allow\",\"Principal\":{\"Service\":\"lambda.amazonaws.com\"}}],\"Version\":\"2012-10-17\"}","create_date":"2026-09-24T05:42:27Z","description":"","force_detach_policies":false,"id":"dev-psychave-api-role","inline_policy":[],"managed_policy_arns":[],"max_session_duration":3600,"name":"dev-psychave-api-role","name_prefix":"","path":"/","permissions_boundary":"","tags":null,"tags_all":{},"unique_id":"AROASX2VFHTB6E77YC6V2"},"sensitive_attributes":[],"private":"bnVsbA==","identity":{"account_id":"188620291267","name":"dev-psychave-api-role"},"identity_schema_version":0}]},{"module":"module.lambda","mode":"managed","type":"aws_iam_role_policy_attachment","name":"basic_execution","provider":"provider[\"registry.opentofu.org/hashicorp/aws\"]","instances":[{"schema_version":0,"attributes":{"id":"dev-psychave-api-role/arn:aws:iam::aws:policy/service-role/AWSLambdaBasicExecutionRole","policy_arn":"arn:aws:iam::aws:policy/service-role/AWSLambdaBasicExecutionRole","role":"dev-psychave-api-role"},"sensitive_attributes":[],"private":"bnVsbA==","dependencies":["module.lambda.aws_iam_role.lambda"],"identity":{"account_id":"188620291267","policy_arn":"arn:aws:iam::aws:policy/service-role/AWSLambdaBasicExecutionRole","role":"dev-psychave-api-role"},"identity_schema_version":0}]}],"check_results":null}
