{
  "version": 4,
  "terraform_version": "1.12.1",
  "serial": 4,
  "lineage": "f2347de3-6898-8299-8caf-1e1fd51ed1e8",
  "outputs": {
    "api_endpoint": {
      "value": "https://j3o025gma8.execute-api.ap-southeast-1.amazonaws.com",
      "type": "string"
    }
  },
  "resources": [
    {
      "module": "module.apigateway",
      "mode": "managed",
      "type": "aws_apigatewayv2_api",
      "name": "this",
      "provider": "provider[\"registry.opentofu.org/hashicorp/aws\"]",
      "instances": [
        {
          "schema_version": 0,
          "attributes": {
            "api_endpoint": "https://j3o025gma8.execute-api.ap-southeast-1.amazonaws.com",
            "api_key_selection_expression": "$request.header.x-api-key",
            "arn": "arn:aws:apigateway:ap-southeast-1::/apis/j3o025gma8",
            "body": null,
            "cors_configuration": [],
            "credentials_arn": null,
            "description": "",
            "disable_execute_api_endpoint": false,
            "execution_arn": "arn:aws:execute-api:ap-southeast-1:188620291267:j3o025gma8",
            "fail_on_warnings": null,
            "id": "j3o025gma8",
            "ip_address_type": "ipv4",
            "name": "psychave-dev-api",
            "protocol_type": "HTTP",
            "region": "ap-southeast-1",
            "route_key": null,
            "route_selection_expression": "$request.method $request.path",
            "tags": {},
            "tags_all": {},
            "target": null,
            "version": ""
          },
          "sensitive_attributes": [],
          "private": "bnVsbA==",
          "identity": {
            "account_id": "188620291267",
            "id": "j3o025gma8",
            "region": "ap-southeast-1"
          },
          "identity_schema_version": 0
        }
      ]
    },
    {
      "module": "module.apigateway",
      "mode": "managed",
      "type": "aws_apigatewayv2_integration",
      "name": "lambda",
      "provider": "provider[\"registry.opentofu.org/hashicorp/aws\"]",
      "instances": [
        {
          "schema_version": 0,
          "attributes": {
            "api_id": "j3o025gma8",
            "connection_id": "",
            "connection_type": "INTERNET",
            "content_handling_strategy": "",
            "credentials_arn": "",
            "description": "",
            "id": "xc683fm",
            "integration_method": "POST",
            "integration_response_selection_expression": "",
            "integration_subtype": "",
            "integration_type": "AWS_PROXY",
            "integration_uri": "arn:aws:apigateway:ap-southeast-1:lambda:path/2015-03-31/functions/arn:aws:lambda:ap-southeast-1:188620291267:function:dev-psychave-api/invocations",
            "passthrough_behavior": "",
            "payload_format_version": "2.0",
            "region": "ap-southeast-1",
            "request_parameters": null,
            "request_templates": null,
            "response_parameters": [],
            "template_selection_expression": "",
            "timeout_milliseconds": 30000,
            "tls_config": []
          },
          "sensitive_attributes": [],
          "private": "bnVsbA==",
          "dependencies": [
            "module.apigateway.aws_apigatewayv2_api.this",
            "module.lambda.aws_iam_role.lambda",
            "module.lambda.aws_iam_role_policy_attachment.basic_execution",
            "module.lambda.aws_lambda_function.this",
            "module.lambda.data.archive_file.lambda"
          ],
          "identity": {
            "account_id": "188620291267",
            "api_id": "j3o025gma8",
            "id": "xc683fm",
            "region": "ap-southeast-1"
          },
          "identity_schema_version": 0
        }
      ]
    },
    {
      "module": "module.apigateway",
      "mode": "managed",
      "type": "aws_apigatewayv2_route",
      "name": "default",
      "provider": "provider[\"registry.opentofu.org/hashicorp/aws\"]",
      "instances": [
        {
          "schema_version": 0,
          "attributes": {
            "api_id": "j3o025gma8",
            "api_key_required": false,
            "authorization_scopes": null,
            "authorization_type": "NONE",
            "authorizer_id": "",
            "id": "ynmmczu",
            "model_selection_expression": "",
            "operation_name": "",
            "region": "ap-southeast-1",
            "request_models": null,
            "request_parameter": [],
            "route_key": "$default",
            "route_response_selection_expression": "",
            "target": "integrations/xc683fm"
          },
          "sensitive_attributes": [],
          "private": "bnVsbA==",
          "dependencies": [
            "module.apigateway.aws_apigatewayv2_api.this",
            "module.apigateway.aws_apigatewayv2_integration.lambda",
            "module.lambda.aws_iam_role.lambda",
            "module.lambda.aws_iam_role_policy_attachment.basic_execution",
            "module.lambda.aws_lambda_function.this",
            "module.lambda.data.archive_file.lambda"
          ],
          "identity": {
            "account_id": "188620291267",
            "api_id": "j3o025gma8",
            "id": "ynmmczu",
            "region": "ap-southeast-1"
          },
          "identity_schema_version": 0
        }
      ]
    },
    {
      "module": "module.apigateway",
      "mode": "managed",
      "type": "aws_apigatewayv2_stage",
      "name": "default",
      "provider": "provider[\"registry.opentofu.org/hashicorp/aws\"]",
      "instances": [
        {
          "schema_version": 0,
          "attributes": {
            "access_log_settings": [],
            "api_id": "j3o025gma8",
            "arn": "arn:aws:apigateway:ap-southeast-1::/apis/j3o025gma8/stages/$default",
            "auto_deploy": true,
            "client_certificate_id": "",
            "default_route_settings": [
              {
                "data_trace_enabled": false,
                "detailed_metrics_enabled": false,
                "logging_level": "",
                "throttling_burst_limit": 0,
                "throttling_rate_limit": 0
              }
            ],
            "deployment_id": "",
            "description": "",
            "execution_arn": "arn:aws:execute-api:ap-southeast-1:188620291267:j3o025gma8/$default",
            "id": "$default",
            "invoke_url": "https://j3o025gma8.execute-api.ap-southeast-1.amazonaws.com/",
            "name": "$default",
            "region": "ap-southeast-1",
            "route_settings": [],
            "stage_variables": {},
            "tags": {},
            "tags_all": {}
          },
          "sensitive_attributes": [],
          "private": "bnVsbA==",
          "dependencies": [
            "module.apigateway.aws_apigatewayv2_api.this"
          ]
        }
      ]
    },
    {
      "module": "module.apigateway",
      "mode": "managed",
      "type": "aws_lambda_permission",
      "name": "api_gateway",
      "provider": "provider[\"registry.opentofu.org/hashicorp/aws\"]",
      "instances": [
        {
          "schema_version": 0,
          "attributes": {
            "action": "lambda:InvokeFunction",
            "event_source_token": null,
            "function_name": "dev-psychave-api",
            "function_url_auth_type": null,
            "id": "AllowApiGatewayInvoke",
            "invoked_via_function_url": null,
            "principal": "apigateway.amazonaws.com",
            "principal_org_id": null,
            "qualifier": "",
            "region": "ap-southeast-1",
            "source_account": null,
            "source_arn": "arn:aws:execute-api:ap-southeast-1:188620291267:j3o025gma8/*/*",
            "statement_id": "AllowApiGatewayInvoke",
            "statement_id_prefix": "",
            "timeouts": null
          },
          "sensitive_attributes": [],
          "private": "eyJlMmJmYjczMC1lY2FhLTExZTYtOGY4OC0zNDM2M2JjN2M0YzAiOnsiY3JlYXRlIjozMDAwMDAwMDAwMDAsImRlbGV0ZSI6MzAwMDAwMDAwMDAwLCJyZWFkIjozMDAwMDAwMDAwMDB9fQ==",
          "dependencies": [
            "module.apigateway.aws_apigatewayv2_api.this",
            "module.lambda.aws_iam_role.lambda",
            "module.lambda.aws_iam_role_policy_attachment.basic_execution",
            "module.lambda.aws_lambda_function.this",
            "module.lambda.data.archive_file.lambda"
          ],
          "identity": {
            "account_id": "188620291267",
            "function_name": "dev-psychave-api",
            "qualifier": null,
            "region": "ap-southeast-1",
            "statement_id": "AllowApiGatewayInvoke"
          },
          "identity_schema_version": 0
        }
      ]
    },
    {
      "module": "module.lambda",
      "mode": "data",
      "type": "archive_file",
      "name": "lambda",
      "provider": "provider[\"registry.opentofu.org/hashicorp/archive\"]",
      "instances": [
        {
          "schema_version": 0,
          "attributes": {
            "exclude_symlink_directories": null,
            "excludes": null,
            "id": "74e42069019ee177d1a78834afb6daa722c458a0",
            "output_base64sha256": "q10Vv7TNhOt69iu3cUWbKV7lqhXexokxzZJiEXJbc8M=",
            "output_base64sha512": "xedSADc9vgR+63529WJe/hf+6lnd4/Q8ZufDNng8nMOYtOYl9PFVYgDX6YVnZwin5t+LpFJLeb3tWxr/+k6HaQ==",
            "output_file_mode": null,
            "output_md5": "331723a25021a3f72f6b9d0f3bb90264",
            "output_path": "../../modules/lambda/lambda.zip",
            "output_sha": "74e42069019ee177d1a78834afb6daa722c458a0",
            "output_sha256": "ab5d15bfb4cd84eb7af62bb771459b295ee5aa15dec68931cd926211725b73c3",
            "output_sha512": "c5e75200373dbe047eeb7e76f5625efe17feea59dde3f43c66e7c336783c9cc398b4e625f4f1556200d7e985676708a7e6df8ba4524b79bded5b1afffa4e8769",
            "output_size": 25772995,
            "source": [],
            "source_content": null,
            "source_content_filename": null,
            "source_dir": "./../../../backend/lambda_test",
            "source_file": null,
            "type": "zip"
          },
          "sensitive_attributes": []
        }
      ]
    },
    {
      "module": "module.lambda",
      "mode": "managed",
      "type": "aws_iam_role",
      "name": "lambda",
      "provider": "provider[\"registry.opentofu.org/hashicorp/aws\"]",
      "instances": [
        {
          "schema_version": 0,
          "attributes": {
            "arn": "arn:aws:iam::188620291267:role/dev-psychave-api-role",
            "assume_role_policy": "{\"Statement\":[{\"Action\":\"sts:AssumeRole\",\"Effect\":\"Allow\",\"Principal\":{\"Service\":\"lambda.amazonaws.com\"}}],\"Version\":\"2012-10-17\"}",
            "create_date": "2026-09-24T05:42:27Z",
            "description": "",
            "force_detach_policies": false,
            "id": "dev-psychave-api-role",
            "inline_policy": [],
            "managed_policy_arns": [
              "arn:aws:iam::aws:policy/service-role/AWSLambdaBasicExecutionRole"
            ],
            "max_session_duration": 3600,
            "name": "dev-psychave-api-role",
            "name_prefix": "",
            "path": "/",
            "permissions_boundary": "",
            "tags": {},
            "tags_all": {},
            "unique_id": "AROASX2VFHTB6E77YC6V2"
          },
          "sensitive_attributes": [],
          "private": "bnVsbA==",
          "identity": {
            "account_id": "188620291267",
            "name": "dev-psychave-api-role"
          },
          "identity_schema_version": 0
        }
      ]
    },
    {
      "module": "module.lambda",
      "mode": "managed",
      "type": "aws_iam_role_policy_attachment",
      "name": "basic_execution",
      "provider": "provider[\"registry.opentofu.org/hashicorp/aws\"]",
      "instances": [
        {
          "schema_version": 0,
          "attributes": {
            "id": "dev-psychave-api-role/arn:aws:iam::aws:policy/service-role/AWSLambdaBasicExecutionRole",
            "policy_arn": "arn:aws:iam::aws:policy/service-role/AWSLambdaBasicExecutionRole",
            "role": "dev-psychave-api-role"
          },
          "sensitive_attributes": [],
          "private": "bnVsbA==",
          "dependencies": [
            "module.lambda.aws_iam_role.lambda"
          ],
          "identity": {
            "account_id": "188620291267",
            "policy_arn": "arn:aws:iam::aws:policy/service-role/AWSLambdaBasicExecutionRole",
            "role": "dev-psychave-api-role"
          },
          "identity_schema_version": 0
        }
      ]
    },
    {
      "module": "module.lambda",
      "mode": "managed",
      "type": "aws_lambda_function",
      "name": "this",
      "provider": "provider[\"registry.opentofu.org/hashicorp/aws\"]",
      "instances": [
        {
          "schema_version": 0,
          "attributes": {
            "architectures": [
              "x86_64"
            ],
            "arn": "arn:aws:lambda:ap-southeast-1:188620291267:function:dev-psychave-api",
            "capacity_provider_config": [],
            "code_sha256": "q10Vv7TNhOt69iu3cUWbKV7lqhXexokxzZJiEXJbc8M=",
            "code_signing_config_arn": "",
            "dead_letter_config": [],
            "description": "",
            "durable_config": [],
            "environment": [],
            "ephemeral_storage": [
              {
                "size": 512
              }
            ],
            "file_system_config": [],
            "filename": "../../modules/lambda/lambda.zip",
            "function_name": "dev-psychave-api",
            "handler": "main.handler",
            "id": "dev-psychave-api",
            "image_config": [],
            "image_uri": "",
            "invoke_arn": "arn:aws:apigateway:ap-southeast-1:lambda:path/2015-03-31/functions/arn:aws:lambda:ap-southeast-1:188620291267:function:dev-psychave-api/invocations",
            "kms_key_arn": "",
            "last_modified": "2026-09-24T06:09:00.890+0000",
            "layers": null,
            "logging_config": [
              {
                "application_log_level": "",
                "log_format": "Text",
                "log_group": "/aws/lambda/dev-psychave-api",
                "system_log_level": ""
              }
            ],
            "memory_size": 128,
            "package_type": "Zip",
            "publish": false,
            "publish_to": null,
            "qualified_arn": "arn:aws:lambda:ap-southeast-1:188620291267:function:dev-psychave-api:$LATEST",
            "qualified_invoke_arn": "arn:aws:apigateway:ap-southeast-1:lambda:path/2015-03-31/functions/arn:aws:lambda:ap-southeast-1:188620291267:function:dev-psychave-api:$LATEST/invocations",
            "region": "ap-southeast-1",
            "replace_security_groups_on_destroy": null,
            "replacement_security_group_ids": null,
            "reserved_concurrent_executions": -1,
            "response_streaming_invoke_arn": "arn:aws:apigateway:ap-southeast-1:lambda:path/2021-11-15/functions/arn:aws:lambda:ap-southeast-1:188620291267:function:dev-psychave-api/response-streaming-invocations",
            "role": "arn:aws:iam::188620291267:role/dev-psychave-api-role",
            "runtime": "python3.14",
            "s3_bucket": null,
            "s3_key": null,
            "s3_object_version": null,
            "signing_job_arn": "",
            "signing_profile_version_arn": "",
            "skip_destroy": false,
            "snap_start": [],
            "source_code_hash": "q10Vv7TNhOt69iu3cUWbKV7lqhXexokxzZJiEXJbc8M=",
            "source_code_size": 25772995,
            "source_kms_key_arn": "",
            "tags": null,
            "tags_all": {},
            "tenancy_config": [],
            "timeout": 3,
            "timeouts": null,
            "tracing_config": [
              {
                "mode": "PassThrough"
              }
            ],
            "use_resource_timeout_for_propagation": null,
            "version": "$LATEST",
            "vpc_config": []
          },
          "sensitive_attributes": [],
          "private": "eyJlMmJmYjczMC1lY2FhLTExZTYtOGY4OC0zNDM2M2JjN2M0YzAiOnsiY3JlYXRlIjo2MDAwMDAwMDAwMDAsImRlbGV0ZSI6NjAwMDAwMDAwMDAwLCJ1cGRhdGUiOjYwMDAwMDAwMDAwMH19",
          "dependencies": [
            "module.lambda.aws_iam_role.lambda",
            "module.lambda.aws_iam_role_policy_attachment.basic_execution",
            "module.lambda.data.archive_file.lambda"
          ],
          "identity": {
            "account_id": "188620291267",
            "function_name": "dev-psychave-api",
            "region": "ap-southeast-1"
          },
          "identity_schema_version": 0
        }
      ]
    }
  ],
  "check_results": null
}

